
Microsoft Visual Studio Solution File, Format Version 12.00
# Visual Studio 14
VisualStudioVersion = 14.0.25420.1
MinimumVisualStudioVersion = 10.0.40219.1
Project("{FAE04EC0-301F-11D3-BF4B-00C04F79EFBC}") = "TreeNodeSystem", "TreeNodeSystem\TreeNodeSystem.csproj", "{87862D88-3672-4B6C-9789-3215E9EBA3F5}"
EndProject
Project("{FAE04EC0-301F-11D3-BF4B-00C04F79EFBC}") = "NodeSystemTests", "NodeSystemTests\NodeSystemTests.csproj", "{F2E89A92-6B9A-47F6-9A6D-32013D5DACAF}"
EndProject
Global
	GlobalSection(SolutionConfigurationPlatforms) = preSolution
		Debug|Any CPU = Debug|Any CPU
		Release|Any CPU = Release|Any CPU
	EndGlobalSection
	GlobalSection(ProjectConfigurationPlatforms) = postSolution
		{87862D88-3672-4B6C-9789-3215E9EBA3F5}.Debug|Any CPU.ActiveCfg = Debug|Any CPU
		{87862D88-3672-4B6C-9789-3215E9EBA3F5}.Debug|Any CPU.Build.0 = Debug|Any CPU
		{87862D88-3672-4B6C-9789-3215E9EBA3F5}.Release|Any CPU.ActiveCfg = Release|Any CPU
		{87862D88-3672-4B6C-9789-3215E9EBA3F5}.Release|Any CPU.Build.0 = Release|Any CPU
		{F2E89A92-6B9A-47F6-9A6D-32013D5DACAF}.Debug|Any CPU.ActiveCfg = Debug|Any CPU
		{F2E89A92-6B9A-47F6-9A6D-32013D5DACAF}.Debug|Any CPU.Build.0 = Debug|Any CPU
		{F2E89A92-6B9A-47F6-9A6D-32013D5DACAF}.Release|Any CPU.ActiveCfg = Release|Any CPU
		{F2E89A92-6B9A-47F6-9A6D-32013D5DACAF}.Release|Any CPU.Build.0 = Release|Any CPU
	EndGlobalSection
	GlobalSection(SolutionProperties) = preSolution
		HideSolutionNode = FALSE
	EndGlobalSection
EndGlobal
